Microsoft Visual Studio Solution File, Format Version 11.00
# Visual Studio 2008

Project("{724C0D78-32E4-55AD-2251-1FEA828188C8}") = "duckery", "Assembly-CSharp.csproj", "{53115D7B-9F6D-0B97-964B-5E5CD98E6539}"
EndProject
Global
	GlobalSection(SolutionConfigurationPlatforms) = preSolution
		Debug|Any CPU = Debug|Any CPU
		Release|Any CPU = Release|Any CPU
	EndGlobalSection
	GlobalSection(ProjectConfigurationPlatforms) = postSolution
		{53115D7B-9F6D-0B97-964B-5E5CD98E6539}.Debug|Any CPU.ActiveCfg = Debug|Any CPU
		{53115D7B-9F6D-0B97-964B-5E5CD98E6539}.Debug|Any CPU.Build.0 = Debug|Any CPU
		{53115D7B-9F6D-0B97-964B-5E5CD98E6539}.Release|Any CPU.ActiveCfg = Release|Any CPU
		{53115D7B-9F6D-0B97-964B-5E5CD98E6539}.Release|Any CPU.Build.0 = Release|Any CPU
	EndGlobalSection
	GlobalSection(SolutionProperties) = preSolution
		HideSolutionNode = FALSE
	EndGlobalSection
	GlobalSection(MonoDevelopProperties) = preSolution
		StartupItem = Assembly-CSharp.csproj
	EndGlobalSection
EndGlobal
